
Microsoft Visual Studio Solution File, Format Version 12.00
# Visual Studio 15
VisualStudioVersion = 15.0.28306.52
MinimumVisualStudioVersion = 10.0.40219.1
Project("{8BC9CEB8-8B4A-11D0-8D11-00A0C91BC942}") = "KH_SetTrek_GAS-A1", "KH_SetTrek_GAS-A1\KH_SetTrek_GAS-A1.vcxproj", "{56287F86-615D-478D-A9DD-F8C691C80A69}"
EndProject
Global
	GlobalSection(SolutionConfigurationPlatforms) = preSolution
		Debug|x64 = Debug|x64
		Debug|x86 = Debug|x86
		Release|x64 = Release|x64
		Release|x86 = Release|x86
	EndGlobalSection
	GlobalSection(ProjectConfigurationPlatforms) = postSolution
		{56287F86-615D-478D-A9DD-F8C691C80A69}.Debug|x64.ActiveCfg = Debug|x64
		{56287F86-615D-478D-A9DD-F8C691C80A69}.Debug|x64.Build.0 = Debug|x64
		{56287F86-615D-478D-A9DD-F8C691C80A69}.Debug|x86.ActiveCfg = Debug|Win32
		{56287F86-615D-478D-A9DD-F8C691C80A69}.Debug|x86.Build.0 = Debug|Win32
		{56287F86-615D-478D-A9DD-F8C691C80A69}.Release|x64.ActiveCfg = Release|x64
		{56287F86-615D-478D-A9DD-F8C691C80A69}.Release|x64.Build.0 = Release|x64
		{56287F86-615D-478D-A9DD-F8C691C80A69}.Release|x86.ActiveCfg = Release|Win32
		{56287F86-615D-478D-A9DD-F8C691C80A69}.Release|x86.Build.0 = Release|Win32
	EndGlobalSection
	GlobalSection(SolutionProperties) = preSolution
		HideSolutionNode = FALSE
	EndGlobalSection
	GlobalSection(ExtensibilityGlobals) = postSolution
		SolutionGuid = {A235FADF-E9D1-4029-8A89-2C3965494139}
	EndGlobalSection
EndGlobal
